{
  "version": 4,
  "terraform_version": "1.10.5",
  "serial": 1,
  "lineage": "2b9bee16-446d-6833-a5f3-93b7f918b4db",
  "outputs": {},
  "resources": [
    {
      "mode": "managed",
      "type": "spotify_playlist",
      "name": "Sinhala",
      "provider": "provider[\"registry.terraform.io/conradludgate/spotify\"]",
      "instances": [
        {
          "schema_version": 0,
          "attributes": {
            "description": null,
            "id": "4nNDXi5a0rM60juJlnwlo6",
            "name": "Sinhala",
            "public": true,
            "snapshot_id": "AAAAAh2IDH9VKtuHAXPWm3rlb6DY7EdW",
            "tracks": [
              "6dFrpviom6X8vw2w3d6Caz"
            ]
          },
          "sensitive_attributes": [],
          "private": "bnVsbA=="
        }
      ]
    }
  ],
  "check_results": null
}
